
Microsoft Visual Studio Solution File, Format Version 12.00
Project("{FAE04EC0-301F-11D3-BF4B-00C04F79EFBC}") = "BankSystem", "BankSystem.csproj", "{CDD646F8-D848-4772-9E2B-3085A279D447}"
EndProject
Global
	GlobalSection(SolutionConfigurationPlatforms) = preSolution
		Debug|Any CPU = Debug|Any CPU
		Release|Any CPU = Release|Any CPU
	EndGlobalSection
	GlobalSection(ProjectConfigurationPlatforms) = postSolution
		{CDD646F8-D848-4772-9E2B-3085A279D447}.Debug|Any CPU.ActiveCfg = Debug|Any CPU
		{CDD646F8-D848-4772-9E2B-3085A279D447}.Debug|Any CPU.Build.0 = Debug|Any CPU
		{CDD646F8-D848-4772-9E2B-3085A279D447}.Release|Any CPU.ActiveCfg = Release|Any CPU
		{CDD646F8-D848-4772-9E2B-3085A279D447}.Release|Any CPU.Build.0 = Release|Any CPU
	EndGlobalSection
EndGlobal
