
Microsoft Visual Studio Solution File, Format Version 12.00
Project("{FAE04EC0-301F-11D3-BF4B-00C04F79EFBC}") = "Challenge7", "Challenge7\Challenge7.csproj", "{63B66FEE-9347-4B85-9D01-407CF503D05A}"
EndProject
Global
	GlobalSection(SolutionConfigurationPlatforms) = preSolution
		Debug|Any CPU = Debug|Any CPU
		Release|Any CPU = Release|Any CPU
	EndGlobalSection
	GlobalSection(ProjectConfigurationPlatforms) = postSolution
		{63B66FEE-9347-4B85-9D01-407CF503D05A}.Debug|Any CPU.ActiveCfg = Debug|Any CPU
		{63B66FEE-9347-4B85-9D01-407CF503D05A}.Debug|Any CPU.Build.0 = Debug|Any CPU
		{63B66FEE-9347-4B85-9D01-407CF503D05A}.Release|Any CPU.ActiveCfg = Release|Any CPU
		{63B66FEE-9347-4B85-9D01-407CF503D05A}.Release|Any CPU.Build.0 = Release|Any CPU
	EndGlobalSection
EndGlobal
